{
  "version": 4,
  "terraform_version": "1.14.5",
  "serial": 10,
  "lineage": "7d82d2a0-aee0-fbf0-fd09-454d39f14fa1",
  "outputs": {
    "public_ip": {
      "value": "89.169.155.6",
      "type": "string"
    },
    "ssh_command": {
      "value": "ssh ubuntu@89.169.155.6",
      "type": "string"
    }
  },
  "resources": [
    {
      "mode": "data",
      "type": "yandex_compute_image",
      "name": "ubuntu",
      "provider": "provider[\"registry.terraform.io/yandex-cloud/yandex\"]",
      "instances": [
        {
          "schema_version": 0,
          "attributes": {
            "created_at": "2026-02-16T11:24:54Z",
            "description": "Ubuntu 24.04 lts v20260213041223",
            "family": "ubuntu-2404-lts",
            "folder_id": "standard-images",
            "hardware_generation": [
              {
                "generation2_features": [],
                "legacy_features": [
                  {
                    "pci_topology": "PCI_TOPOLOGY_V2"
                  }
                ]
              }
            ],
            "id": "fd8lt661chfo5i13a40d",
            "image_id": "fd8lt661chfo5i13a40d",
            "kms_key_id": null,
            "labels": {
              "version": "20260213041223",
              "x-hopper-operation-id": "d9p4f1kesukejug3c03g",
              "x-hopper-source-image-id": "fd8sagiatq63qr04qtr0"
            },
            "min_disk_size": 10,
            "name": "ubuntu-24-04-lts-v20260216",
            "os_type": "linux",
            "pooled": true,
            "product_ids": [
              "f2e9dthlaute5gsb8gqh"
            ],
            "size": 3,
            "status": "ready"
          },
          "sensitive_attributes": [],
          "identity_schema_version": 0
        }
      ]
    },
    {
      "mode": "managed",
      "type": "yandex_compute_instance",
      "name": "vm",
      "provider": "provider[\"registry.terraform.io/yandex-cloud/yandex\"]",
      "instances": [
        {
          "schema_version": 1,
          "attributes": {
            "allow_recreate": null,
            "allow_stopping_for_update": null,
            "boot_disk": [
              {
                "auto_delete": true,
                "device_name": "fhm4ecjq63bdmr8oepa3",
                "disk_id": "fhm4ecjq63bdmr8oepa3",
                "initialize_params": [
                  {
                    "block_size": 4096,
                    "description": "",
                    "image_id": "fd8lt661chfo5i13a40d",
                    "kms_key_id": "",
                    "name": "",
                    "size": 10,
                    "snapshot_id": "",
                    "type": "network-ssd"
                  }
                ],
                "mode": "READ_WRITE"
              }
            ],
            "created_at": "2026-02-17T20:14:51Z",
            "description": "",
            "filesystem": [],
            "folder_id": "b1gfq4cnbgh4lnkmemp1",
            "fqdn": "fhmk0s8osvpb95b53051.auto.internal",
            "gpu_cluster_id": "",
            "hardware_generation": [
              {
                "generation2_features": [],
                "legacy_features": [
                  {
                    "pci_topology": "PCI_TOPOLOGY_V2"
                  }
                ]
              }
            ],
            "hostname": "",
            "id": "fhmk0s8osvpb95b53051",
            "labels": null,
            "local_disk": [],
            "maintenance_grace_period": "",
            "maintenance_policy": null,
            "metadata": {
              "ssh-keys": "ubuntu:ssh-ed25519 AAAAC3NzaC1lZDI1NTE5AAAAIDiTyfqpB36phi6LR0lkcd9zM26s+2VmlgT20hK/bH9o lab04\n"
            },
            "metadata_options": [
              {
                "aws_v1_http_endpoint": 1,
                "aws_v1_http_token": 2,
                "gce_http_endpoint": 1,
                "gce_http_token": 1
              }
            ],
            "name": "lab04-vm",
            "network_acceleration_type": "standard",
            "network_interface": [
              {
                "dns_record": [],
                "index": 0,
                "ip_address": "10.10.0.29",
                "ipv4": true,
                "ipv6": false,
                "ipv6_address": "",
                "ipv6_dns_record": [],
                "mac_address": "d0:0d:14:07:11:8e",
                "nat": true,
                "nat_dns_record": [],
                "nat_ip_address": "89.169.155.6",
                "nat_ip_version": "IPV4",
                "security_group_ids": [
                  "enp9c7k37aoq31cnro92"
                ],
                "subnet_id": "e9bpi7sskolq49jsq9ip"
              }
            ],
            "placement_policy": [
              {
                "host_affinity_rules": [],
                "placement_group_id": "",
                "placement_group_partition": 0
              }
            ],
            "platform_id": "standard-v1",
            "resources": [
              {
                "core_fraction": 20,
                "cores": 2,
                "gpus": 0,
                "memory": 2
              }
            ],
            "scheduling_policy": [
              {
                "preemptible": false
              }
            ],
            "secondary_disk": [],
            "service_account_id": "",
            "status": "running",
            "timeouts": null,
            "zone": "ru-central1-a"
          },
          "sensitive_attributes": [],
          "identity_schema_version": 0,
          "private": "eyJlMmJmYjczMC1lY2FhLTExZTYtOGY4OC0zNDM2M2JjN2M0YzAiOnsiY3JlYXRlIjozMDAwMDAwMDAwMDAsImRlbGV0ZSI6MzAwMDAwMDAwMDAwLCJ1cGRhdGUiOjMwMDAwMDAwMDAwMH0sInNjaGVtYV92ZXJzaW9uIjoiMSJ9",
          "dependencies": [
            "data.yandex_compute_image.ubuntu",
            "yandex_vpc_network.net",
            "yandex_vpc_security_group.sg",
            "yandex_vpc_subnet.subnet"
          ]
        }
      ]
    },
    {
      "mode": "managed",
      "type": "yandex_vpc_network",
      "name": "net",
      "provider": "provider[\"registry.terraform.io/yandex-cloud/yandex\"]",
      "instances": [
        {
          "schema_version": 0,
          "attributes": {
            "created_at": "2026-02-17T20:08:40Z",
            "default_security_group_id": "enptn78sdr449hhe35ms",
            "description": "",
            "folder_id": "b1gfq4cnbgh4lnkmemp1",
            "id": "enpq9r2c2f1atfflla9b",
            "labels": {},
            "name": "lab04-net",
            "subnet_ids": [
              "e9bpi7sskolq49jsq9ip"
            ],
            "timeouts": null
          },
          "sensitive_attributes": [],
          "identity_schema_version": 0,
          "private": "eyJlMmJmYjczMC1lY2FhLTExZTYtOGY4OC0zNDM2M2JjN2M0YzAiOnsiY3JlYXRlIjo2MDAwMDAwMDAwMCwiZGVsZXRlIjo2MDAwMDAwMDAwMCwidXBkYXRlIjo2MDAwMDAwMDAwMH19"
        }
      ]
    },
    {
      "mode": "managed",
      "type": "yandex_vpc_security_group",
      "name": "sg",
      "provider": "provider[\"registry.terraform.io/yandex-cloud/yandex\"]",
      "instances": [
        {
          "schema_version": 0,
          "attributes": {
            "created_at": "2026-02-17T20:08:44Z",
            "description": "",
            "egress": [
              {
                "description": "Allow all outbound",
                "from_port": -1,
                "id": "enpm2a680p9uosqcni2m",
                "labels": {},
                "port": -1,
                "predefined_target": "",
                "protocol": "ANY",
                "security_group_id": "",
                "to_port": -1,
                "v4_cidr_blocks": [
                  "0.0.0.0/0"
                ],
                "v6_cidr_blocks": []
              }
            ],
            "folder_id": "b1gfq4cnbgh4lnkmemp1",
            "id": "enp9c7k37aoq31cnro92",
            "ingress": [
              {
                "description": "App 5000",
                "from_port": -1,
                "id": "enpiej5541gd3nm2oruv",
                "labels": {},
                "port": 5000,
                "predefined_target": "",
                "protocol": "TCP",
                "security_group_id": "",
                "to_port": -1,
                "v4_cidr_blocks": [
                  "0.0.0.0/0"
                ],
                "v6_cidr_blocks": []
              },
              {
                "description": "HTTP",
                "from_port": -1,
                "id": "enplcckombcrt7tjq2ln",
                "labels": {},
                "port": 80,
                "predefined_target": "",
                "protocol": "TCP",
                "security_group_id": "",
                "to_port": -1,
                "v4_cidr_blocks": [
                  "0.0.0.0/0"
                ],
                "v6_cidr_blocks": []
              },
              {
                "description": "SSH from my IP",
                "from_port": -1,
                "id": "enpc7qsgon5451p04pea",
                "labels": {},
                "port": 22,
                "predefined_target": "",
                "protocol": "TCP",
                "security_group_id": "",
                "to_port": -1,
                "v4_cidr_blocks": [
                  "192.145.30.13/32"
                ],
                "v6_cidr_blocks": []
              }
            ],
            "labels": {},
            "name": "lab04-sg",
            "network_id": "enpq9r2c2f1atfflla9b",
            "status": "ACTIVE",
            "timeouts": null
          },
          "sensitive_attributes": [],
          "identity_schema_version": 0,
          "private": "eyJlMmJmYjczMC1lY2FhLTExZTYtOGY4OC0zNDM2M2JjN2M0YzAiOnsiY3JlYXRlIjoxODAwMDAwMDAwMDAsImRlbGV0ZSI6MTgwMDAwMDAwMDAwLCJ1cGRhdGUiOjE4MDAwMDAwMDAwMH19",
          "dependencies": [
            "yandex_vpc_network.net"
          ]
        }
      ]
    },
    {
      "mode": "managed",
      "type": "yandex_vpc_subnet",
      "name": "subnet",
      "provider": "provider[\"registry.terraform.io/yandex-cloud/yandex\"]",
      "instances": [
        {
          "schema_version": 0,
          "attributes": {
            "created_at": "2026-02-17T20:08:42Z",
            "description": "",
            "dhcp_options": [],
            "folder_id": "b1gfq4cnbgh4lnkmemp1",
            "id": "e9bpi7sskolq49jsq9ip",
            "labels": {},
            "name": "lab04-subnet",
            "network_id": "enpq9r2c2f1atfflla9b",
            "route_table_id": "",
            "timeouts": null,
            "v4_cidr_blocks": [
              "10.10.0.0/24"
            ],
            "v6_cidr_blocks": [],
            "zone": "ru-central1-a"
          },
          "sensitive_attributes": [],
          "identity_schema_version": 0,
          "private": "eyJlMmJmYjczMC1lY2FhLTExZTYtOGY4OC0zNDM2M2JjN2M0YzAiOnsiY3JlYXRlIjoxODAwMDAwMDAwMDAsImRlbGV0ZSI6MTgwMDAwMDAwMDAwLCJ1cGRhdGUiOjE4MDAwMDAwMDAwMH19",
          "dependencies": [
            "yandex_vpc_network.net"
          ]
        }
      ]
    }
  ],
  "check_results": null
}
